PODS:
  - Alamofire (3.2.0)
  - Bolts (1.6.0):
    - Bolts/AppLinks (= 1.6.0)
    - Bolts/Tasks (= 1.6.0)
  - Bolts/AppLinks (1.6.0):
    - Bolts/Tasks
  - Bolts/Tasks (1.6.0)
  - FBSDKCoreKit (4.10.0):
    - Bolts (~> 1.5)
  - FBSDKLoginKit (4.10.0):
    - FBSDKCoreKit
  - FBSDKShareKit (4.10.0):
    - FBSDKCoreKit
  - FlatUIKit (1.6.2)
  - SDWebImage (3.7.5):
    - SDWebImage/Core (= 3.7.5)
  - SDWebImage/Core (3.7.5)
  - Socket.IO-Client-Swift (8.0.2)

DEPENDENCIES:
  - Alamofire
  - FBSDKCoreKit
  - FBSDKLoginKit
  - FBSDKShareKit
  - FlatUIKit
  - SDWebImage
  - Socket.IO-Client-Swift

SPEC CHECKSUMS:
  Alamofire: 4da478599fccddff361205c8929333d7fe18dceb
  Bolts: f52a250053bb517ca874523c3913776359ab3def
  FBSDKCoreKit: 13bec8373fb3af94d44daf2aa1e0958687897fbd
  FBSDKLoginKit: d3d4a2e9d31954deb00bfea964167a05ca1ea976
  FBSDKShareKit: 54587b4624706ace1e810cf83412a918141f807a
  FlatUIKit: 1b41f0d4952ce8d970d8479ce79df54a960242c4
  SDWebImage: 69c6303e3348fba97e03f65d65d4fbc26740f461
  Socket.IO-Client-Swift: 136598e4a81a42b0e6855e7f94a0e5a6efdc5ff8

PODFILE CHECKSUM: cd596e2e2df823d1f9dd5983dca2626edf93dc3e

COCOAPODS: 1.0.1
